
Microsoft Visual Studio Solution File, Format Version 12.00
# Visual Studio Version 17
VisualStudioVersion = 17.0.32112.339
MinimumVisualStudioVersion = 10.0.40219.1
Project("{FAE04EC0-301F-11D3-BF4B-00C04F79EFBC}") = "EndlessTanks", "EndlessTanks.csproj", "{DFF62227-4EB8-4FFE-A328-77B5E77E1149}"
EndProject
Global
	GlobalSection(SolutionConfigurationPlatforms) = preSolution
		Debug|Any CPU = Debug|Any CPU
		Release|Any CPU = Release|Any CPU
	EndGlobalSection
	GlobalSection(ProjectConfigurationPlatforms) = postSolution
		{DFF62227-4EB8-4FFE-A328-77B5E77E1149}.Debug|Any CPU.ActiveCfg = Debug|Any CPU
		{DFF62227-4EB8-4FFE-A328-77B5E77E1149}.Debug|Any CPU.Build.0 = Debug|Any CPU
		{DFF62227-4EB8-4FFE-A328-77B5E77E1149}.Release|Any CPU.ActiveCfg = Release|Any CPU
		{DFF62227-4EB8-4FFE-A328-77B5E77E1149}.Release|Any CPU.Build.0 = Release|Any CPU
	EndGlobalSection
	GlobalSection(SolutionProperties) = preSolution
		HideSolutionNode = FALSE
	EndGlobalSection
	GlobalSection(ExtensibilityGlobals) = postSolution
		SolutionGuid = {65444899-18A1-4673-A137-9D4D463DEF46}
	EndGlobalSection
EndGlobal
